
Microsoft Visual Studio Solution File, Format Version 12.00
# Visual Studio Version 17
VisualStudioVersion = 17.14.36414.22 d17.14
MinimumVisualStudioVersion = 10.0.40219.1
Project("{FAE04EC0-301F-11D3-BF4B-00C04F79EFBC}") = "WebApplication13", "WebApplication13\WebApplication13.csproj", "{AFE9CF52-A43D-4FE4-B829-068BA944E2BD}"
EndProject
Project("{FAE04EC0-301F-11D3-BF4B-00C04F79EFBC}") = "WebApplication 01", "WebApplication 01\WebApplication 01.csproj", "{6E93444E-BD11-43A1-A802-112C73783ABD}"
EndProject
Project("{FAE04EC0-301F-11D3-BF4B-00C04F79EFBC}") = "WebApplication 02", "WebApplication 02\WebApplication 02.csproj", "{9414EA7C-7262-44A2-A5B0-5F042A4103A1}"
EndProject
Global
	GlobalSection(SolutionConfigurationPlatforms) = preSolution
		Debug|Any CPU = Debug|Any CPU
		Release|Any CPU = Release|Any CPU
	EndGlobalSection
	GlobalSection(ProjectConfigurationPlatforms) = postSolution
		{AFE9CF52-A43D-4FE4-B829-068BA944E2BD}.Debug|Any CPU.ActiveCfg = Debug|Any CPU
		{AFE9CF52-A43D-4FE4-B829-068BA944E2BD}.Debug|Any CPU.Build.0 = Debug|Any CPU
		{AFE9CF52-A43D-4FE4-B829-068BA944E2BD}.Release|Any CPU.ActiveCfg = Release|Any CPU
		{AFE9CF52-A43D-4FE4-B829-068BA944E2BD}.Release|Any CPU.Build.0 = Release|Any CPU
		{6E93444E-BD11-43A1-A802-112C73783ABD}.Debug|Any CPU.ActiveCfg = Debug|Any CPU
		{6E93444E-BD11-43A1-A802-112C73783ABD}.Debug|Any CPU.Build.0 = Debug|Any CPU
		{6E93444E-BD11-43A1-A802-112C73783ABD}.Release|Any CPU.ActiveCfg = Release|Any CPU
		{6E93444E-BD11-43A1-A802-112C73783ABD}.Release|Any CPU.Build.0 = Release|Any CPU
		{9414EA7C-7262-44A2-A5B0-5F042A4103A1}.Debug|Any CPU.ActiveCfg = Debug|Any CPU
		{9414EA7C-7262-44A2-A5B0-5F042A4103A1}.Debug|Any CPU.Build.0 = Debug|Any CPU
		{9414EA7C-7262-44A2-A5B0-5F042A4103A1}.Release|Any CPU.ActiveCfg = Release|Any CPU
		{9414EA7C-7262-44A2-A5B0-5F042A4103A1}.Release|Any CPU.Build.0 = Release|Any CPU
	EndGlobalSection
	GlobalSection(SolutionProperties) = preSolution
		HideSolutionNode = FALSE
	EndGlobalSection
	GlobalSection(ExtensibilityGlobals) = postSolution
		SolutionGuid = {EFD34BE8-77CF-4624-83C2-08227644FCB4}
	EndGlobalSection
EndGlobal
